// !$*UTF8*$!
{
	archiveVersion = 1;
	classes = {
	};
	objectVersion = 55;
	objects = {

/* Begin PBXBuildFile section */
		1647400FC40C6057573DDD9F /* Pods_TodoList.framework in Frameworks */ = {isa = PBXBuildFile; fileRef = A79132E7739BB80B311938E4 /* Pods_TodoList.framework */; };
		7F26F73C28A28B48006EB57E /* TodoLIstTaskDataModel.xcdatamodeld in Sources */ = {isa = PBXBuildFile; fileRef = 7F26F73A28A28B48006EB57E /* TodoLIstTaskDataModel.xcdatamodeld */; };
		7F436C4828A2AFCF008155CD /* DynamicFilteredVIew.swift in Sources */ = {isa = PBXBuildFile; fileRef = 7F436C4728A2AFCF008155CD /* DynamicFilteredVIew.swift */; };
		7F436C4E28A2C1F8008155CD /* AddNewTask.swift in Sources */ = {isa = PBXBuildFile; fileRef = 7F436C4D28A2C1F8008155CD /* AddNewTask.swift */; };
		7F436C5028A3DB31008155CD /* TodoLIstMainHomeView.swift in Sources */ = {isa = PBXBuildFile; fileRef = 7F436C4F28A3DB30008155CD /* TodoLIstMainHomeView.swift */; };
		7F436C5228A3E097008155CD /* PersistenceController.swift in Sources */ = {isa = PBXBuildFile; fileRef = 7F436C5128A3E097008155CD /* PersistenceController.swift */; };
		7F6175FC289E964F008B81DC /* 나눔손글씨 둥근인연.ttf in Resources */ = {isa = PBXBuildFile; fileRef = 7FC80E0C289E903000AE2CC8 /* 나눔손글씨 둥근인연.ttf */; };
		7F617600289E9FE6008B81DC /* MainLanchScreen.storyboard in Resources */ = {isa = PBXBuildFile; fileRef = 7F6175FF289E9FE6008B81DC /* MainLanchScreen.storyboard */; };
		7F88D8BE289E6CD0005981DA /* Color.swift in Sources */ = {isa = PBXBuildFile; fileRef = 7F88D8BD289E6CD0005981DA /* Color.swift */; };
		7FA9E1A428A1278000A7FC2C /* TaskManagerView.swift in Sources */ = {isa = PBXBuildFile; fileRef = 7FA9E1A328A1278000A7FC2C /* TaskManagerView.swift */; };
		7FA9E1A628A127BC00A7FC2C /* TaskModel.swift in Sources */ = {isa = PBXBuildFile; fileRef = 7FA9E1A528A127BC00A7FC2C /* TaskModel.swift */; };
		7FA9E1A828A1289C00A7FC2C /* TaskViewModel.swift in Sources */ = {isa = PBXBuildFile; fileRef = 7FA9E1A728A1289C00A7FC2C /* TaskViewModel.swift */; };
		7FA9E1AB28A137E400A7FC2C /* View.swift in Sources */ = {isa = PBXBuildFile; fileRef = 7FA9E1AA28A137E400A7FC2C /* View.swift */; };
		7FC80E0F289E90A400AE2CC8 /* Font.swift in Sources */ = {isa = PBXBuildFile; fileRef = 7FC80E0E289E90A400AE2CC8 /* Font.swift */; };
		7FDFCC4D28C77AED00C0728C /* 나눔손글씨 맛있는체.ttf in Resources */ = {isa = PBXBuildFile; fileRef = 7FC80E0D289E903700AE2CC8 /* 나눔손글씨 맛있는체.ttf */; };
		7FEF2F8A289ACACD00892CC4 /* TodoListApp.swift in Sources */ = {isa = PBXBuildFile; fileRef = 7FEF2F89289ACACD00892CC4 /* TodoListApp.swift */; };
		7FEF2F8E289ACACF00892CC4 /* Assets.xcassets in Resources */ = {isa = PBXBuildFile; fileRef = 7FEF2F8D289ACACF00892CC4 /* Assets.xcassets */; };
		7FEF2F91289ACACF00892CC4 /* Preview Assets.xcassets in Resources */ = {isa = PBXBuildFile; fileRef = 7FEF2F90289ACACF00892CC4 /* Preview Assets.xcassets */; };
		7FEF2FAB289AD90E00892CC4 /* .swiftlint.yml  in Resources */ = {isa = PBXBuildFile; fileRef = 7FEF2FAA289AD90E00892CC4 /* .swiftlint.yml  */; };
		8627A06D28A47E4B0076CADB /* UIApplication.swift in Sources */ = {isa = PBXBuildFile; fileRef = 8627A06C28A47E4B0076CADB /* UIApplication.swift */; };
/* End PBXBuildFile section */

/* Begin PBXFileReference section */
		569C83A93F7E865677F66BA6 /* Pods-TodoList.release.xcconfig */ = {isa = PBXFileReference; includeInIndex = 1; lastKnownFileType = text.xcconfig; name = "Pods-TodoList.release.xcconfig"; path = "Target Support Files/Pods-TodoList/Pods-TodoList.release.xcconfig"; sourceTree = "<group>"; };
		7F26F73B28A28B48006EB57E /* TodoLIstTaskDataModel.xcdatamodel */ = {isa = PBXFileReference; lastKnownFileType = wrapper.xcdatamodel; path = TodoLIstTaskDataModel.xcdatamodel; sourceTree = "<group>"; };
		7F436C4728A2AFCF008155CD /* DynamicFilteredVIew.swift */ = {isa = PBXFileReference; lastKnownFileType = sourcecode.swift; path = DynamicFilteredVIew.swift; sourceTree = "<group>"; };
		7F436C4D28A2C1F8008155CD /* AddNewTask.swift */ = {isa = PBXFileReference; lastKnownFileType = sourcecode.swift; path = AddNewTask.swift; sourceTree = "<group>"; };
		7F436C4F28A3DB30008155CD /* TodoLIstMainHomeView.swift */ = {isa = PBXFileReference; lastKnownFileType = sourcecode.swift; path = TodoLIstMainHomeView.swift; sourceTree = "<group>"; };
		7F436C5128A3E097008155CD /* PersistenceController.swift */ = {isa = PBXFileReference; lastKnownFileType = sourcecode.swift; path = PersistenceController.swift; sourceTree = "<group>"; };
		7F6175FF289E9FE6008B81DC /* MainLanchScreen.storyboard */ = {isa = PBXFileReference; lastKnownFileType = file.storyboard; path = MainLanchScreen.storyboard; sourceTree = "<group>"; };
		7F88D8BD289E6CD0005981DA /* Color.swift */ = {isa = PBXFileReference; lastKnownFileType = sourcecode.swift; path = Color.swift; sourceTree = "<group>"; };
		7FA9E1A328A1278000A7FC2C /* TaskManagerView.swift */ = {isa = PBXFileReference; lastKnownFileType = sourcecode.swift; path = TaskManagerView.swift; sourceTree = "<group>"; };
		7FA9E1A528A127BC00A7FC2C /* TaskModel.swift */ = {isa = PBXFileReference; lastKnownFileType = sourcecode.swift; path = TaskModel.swift; sourceTree = "<group>"; };
		7FA9E1A728A1289C00A7FC2C /* TaskViewModel.swift */ = {isa = PBXFileReference; lastKnownFileType = sourcecode.swift; path = TaskViewModel.swift; sourceTree = "<group>"; };
		7FA9E1AA28A137E400A7FC2C /* View.swift */ = {isa = PBXFileReference; lastKnownFileType = sourcecode.swift; path = View.swift; sourceTree = "<group>"; };
		7FC80E0C289E903000AE2CC8 /* 나눔손글씨 둥근인연.ttf */ = {isa = PBXFileReference; lastKnownFileType = file; path = "나눔손글씨 둥근인연.ttf"; sourceTree = "<group>"; };
		7FC80E0D289E903700AE2CC8 /* 나눔손글씨 맛있는체.ttf */ = {isa = PBXFileReference; lastKnownFileType = file; path = "나눔손글씨 맛있는체.ttf"; sourceTree = "<group>"; };
		7FC80E0E289E90A400AE2CC8 /* Font.swift */ = {isa = PBXFileReference; lastKnownFileType = sourcecode.swift; path = Font.swift; sourceTree = "<group>"; };
		7FEF2F86289ACACD00892CC4 /* TodoList.app */ = {isa = PBXFileReference; explicitFileType = wrapper.application; includeInIndex = 0; path = TodoList.app; sourceTree = BUILT_PRODUCTS_DIR; };
		7FEF2F89289ACACD00892CC4 /* TodoListApp.swift */ = {isa = PBXFileReference; lastKnownFileType = sourcecode.swift; path = TodoListApp.swift; sourceTree = "<group>"; };
		7FEF2F8D289ACACF00892CC4 /* Assets.xcassets */ = {isa = PBXFileReference; lastKnownFileType = folder.assetcatalog; path = Assets.xcassets; sourceTree = "<group>"; };
		7FEF2F90289ACACF00892CC4 /* Preview Assets.xcassets */ = {isa = PBXFileReference; lastKnownFileType = folder.assetcatalog; path = "Preview Assets.xcassets"; sourceTree = "<group>"; };
		7FEF2FAA289AD90E00892CC4 /* .swiftlint.yml  */ = {isa = PBXFileReference; lastKnownFileType = text; path = ".swiftlint.yml "; sourceTree = "<group>"; };
		7FEF2FB0289C100F00892CC4 /* Info.plist */ = {isa = PBXFileReference; lastKnownFileType = text.plist; path = Info.plist; sourceTree = "<group>"; };
		8627A06C28A47E4B0076CADB /* UIApplication.swift */ = {isa = PBXFileReference; lastKnownFileType = sourcecode.swift; path = UIApplication.swift; sourceTree = "<group>"; };
		A79132E7739BB80B311938E4 /* Pods_TodoList.framework */ = {isa = PBXFileReference; explicitFileType = wrapper.framework; includeInIndex = 0; path = Pods_TodoList.framework; sourceTree = BUILT_PRODUCTS_DIR; };
		B4B1F09BCE55F17F3DAF279E /* Pods-TodoList.debug.xcconfig */ = {isa = PBXFileReference; includeInIndex = 1; lastKnownFileType = text.xcconfig; name = "Pods-TodoList.debug.xcconfig"; path = "Target Support Files/Pods-TodoList/Pods-TodoList.debug.xcconfig"; sourceTree = "<group>"; };
/* End PBXFileReference section */

/* Begin PBXFrameworksBuildPhase section */
		7FEF2F83289ACACD00892CC4 /* Frameworks */ = {
			isa = PBXFrameworksBuildPhase;
			buildActionMask = 2147483647;
			files = (
				1647400FC40C6057573DDD9F /* Pods_TodoList.framework in Frameworks */,
			);
			runOnlyForDeploymentPostprocessing = 0;
		};
/* End PBXFrameworksBuildPhase section */

/* Begin PBXGroup section */
		110625986B5912C5B4FBA6FD /* Frameworks */ = {
			isa = PBXGroup;
			children = (
				A79132E7739BB80B311938E4 /* Pods_TodoList.framework */,
			);
			name = Frameworks;
			sourceTree = "<group>";
		};
		3B9A02D27D410F39A1289B00 /* Pods */ = {
			isa = PBXGroup;
			children = (
				B4B1F09BCE55F17F3DAF279E /* Pods-TodoList.debug.xcconfig */,
				569C83A93F7E865677F66BA6 /* Pods-TodoList.release.xcconfig */,
			);
			path = Pods;
			sourceTree = "<group>";
		};
		7F26F73928A28AF6006EB57E /* CoreData */ = {
			isa = PBXGroup;
			children = (
				7F26F73A28A28B48006EB57E /* TodoLIstTaskDataModel.xcdatamodeld */,
			);
			path = CoreData;
			sourceTree = "<group>";
		};
		7F6175FE289E9F51008B81DC /* LanchScreen */ = {
			isa = PBXGroup;
			children = (
				7F6175FF289E9FE6008B81DC /* MainLanchScreen.storyboard */,
			);
			path = LanchScreen;
			sourceTree = "<group>";
		};
		7F88D8BC289E6CB6005981DA /* Utills */ = {
			isa = PBXGroup;
			children = (
				7F6175FE289E9F51008B81DC /* LanchScreen */,
				7FC80E0B289E901B00AE2CC8 /* Font */,
				7FC80E0A289E900E00AE2CC8 /* Color */,
			);
			path = Utills;
			sourceTree = "<group>";
		};
		7FA9E1A928A137D300A7FC2C /* Extension */ = {
			isa = PBXGroup;
			children = (
				7FA9E1AA28A137E400A7FC2C /* View.swift */,
				8627A06C28A47E4B0076CADB /* UIApplication.swift */,
			);
			path = Extension;
			sourceTree = "<group>";
		};
		7FC80E0A289E900E00AE2CC8 /* Color */ = {
			isa = PBXGroup;
			children = (
				7F88D8BD289E6CD0005981DA /* Color.swift */,
			);
			path = Color;
			sourceTree = "<group>";
		};
		7FC80E0B289E901B00AE2CC8 /* Font */ = {
			isa = PBXGroup;
			children = (
				7FC80E0C289E903000AE2CC8 /* 나눔손글씨 둥근인연.ttf */,
				7FC80E0D289E903700AE2CC8 /* 나눔손글씨 맛있는체.ttf */,
				7FC80E0E289E90A400AE2CC8 /* Font.swift */,
			);
			path = Font;
			sourceTree = "<group>";
		};
		7FEF2F7D289ACACC00892CC4 = {
			isa = PBXGroup;
			children = (
				7FEF2FAA289AD90E00892CC4 /* .swiftlint.yml  */,
				7FEF2F88289ACACD00892CC4 /* TodoList */,
				7FEF2F87289ACACD00892CC4 /* Products */,
				3B9A02D27D410F39A1289B00 /* Pods */,
				110625986B5912C5B4FBA6FD /* Frameworks */,
			);
			sourceTree = "<group>";
		};
		7FEF2F87289ACACD00892CC4 /* Products */ = {
			isa = PBXGroup;
			children = (
				7FEF2F86289ACACD00892CC4 /* TodoList.app */,
			);
			name = Products;
			sourceTree = "<group>";
		};
		7FEF2F88289ACACD00892CC4 /* TodoList */ = {
			isa = PBXGroup;
			children = (
				7FEF2FB0289C100F00892CC4 /* Info.plist */,
				7FEF2F9B289ACB2300892CC4 /* Application */,
				7FEF2F97289ACAFB00892CC4 /* Model */,
				7FEF2F9A289ACB1100892CC4 /* ViewModel */,
				7FEF2F98289ACB0200892CC4 /* View */,
				7F88D8BC289E6CB6005981DA /* Utills */,
				7FEF2F8D289ACACF00892CC4 /* Assets.xcassets */,
				7FEF2F8F289ACACF00892CC4 /* Preview Content */,
			);
			path = TodoList;
			sourceTree = "<group>";
		};
		7FEF2F8F289ACACF00892CC4 /* Preview Content */ = {
			isa = PBXGroup;
			children = (
				7FEF2F90289ACACF00892CC4 /* Preview Assets.xcassets */,
			);
			path = "Preview Content";
			sourceTree = "<group>";
		};
		7FEF2F97289ACAFB00892CC4 /* Model */ = {
			isa = PBXGroup;
			children = (
				7F26F73928A28AF6006EB57E /* CoreData */,
				7FA9E1A528A127BC00A7FC2C /* TaskModel.swift */,
			);
			path = Model;
			sourceTree = "<group>";
		};
		7FEF2F98289ACB0200892CC4 /* View */ = {
			isa = PBXGroup;
			children = (
				7FA9E1A928A137D300A7FC2C /* Extension */,
				7FEF2FB6289E5DB500892CC4 /* MainList */,
				7FEF2FB5289E5D9C00892CC4 /* Add */,
				7FEF2FB7289E5DC700892CC4 /* NoListItem */,
				7F436C4F28A3DB30008155CD /* TodoLIstMainHomeView.swift */,
			);
			path = View;
			sourceTree = "<group>";
		};
		7FEF2F9A289ACB1100892CC4 /* ViewModel */ = {
			isa = PBXGroup;
			children = (
				7FA9E1A728A1289C00A7FC2C /* TaskViewModel.swift */,
			);
			path = ViewModel;
			sourceTree = "<group>";
		};
		7FEF2F9B289ACB2300892CC4 /* Application */ = {
			isa = PBXGroup;
			children = (
				7FEF2F89289ACACD00892CC4 /* TodoListApp.swift */,
			);
			path = Application;
			sourceTree = "<group>";
		};
		7FEF2FB5289E5D9C00892CC4 /* Add */ = {
			isa = PBXGroup;
			children = (
				7F436C4D28A2C1F8008155CD /* AddNewTask.swift */,
			);
			path = Add;
			sourceTree = "<group>";
		};
		7FEF2FB6289E5DB500892CC4 /* MainList */ = {
			isa = PBXGroup;
			children = (
				7FA9E1A328A1278000A7FC2C /* TaskManagerView.swift */,
				7F436C4728A2AFCF008155CD /* DynamicFilteredVIew.swift */,
			);
			path = MainList;
			sourceTree = "<group>";
		};
		7FEF2FB7289E5DC700892CC4 /* NoListItem */ = {
			isa = PBXGroup;
			children = (
				7F436C5128A3E097008155CD /* PersistenceController.swift */,
			);
			path = NoListItem;
			sourceTree = "<group>";
		};
/* End PBXGroup section */

/* Begin PBXNativeTarget section */
		7FEF2F85289ACACD00892CC4 /* TodoList */ = {
			isa = PBXNativeTarget;
			buildConfigurationList = 7FEF2F94289ACACF00892CC4 /* Build configuration list for PBXNativeTarget "TodoList" */;
			buildPhases = (
				28AA982A2590721B370B0179 /* [CP] Check Pods Manifest.lock */,
				7FEF2F82289ACACD00892CC4 /* Sources */,
				7FEF2F83289ACACD00892CC4 /* Frameworks */,
				7FEF2F84289ACACD00892CC4 /* Resources */,
				7FEF2FA7289AD79500892CC4 /* ShellScript */,
			);
			buildRules = (
			);
			dependencies = (
			);
			name = TodoList;
			productName = TodoList;
			productReference = 7FEF2F86289ACACD00892CC4 /* TodoList.app */;
			productType = "com.apple.product-type.application";
		};
/* End PBXNativeTarget section */

/* Begin PBXProject section */
		7FEF2F7E289ACACC00892CC4 /* Project object */ = {
			isa = PBXProject;
			attributes = {
				BuildIndependentTargetsInParallel = 1;
				LastSwiftUpdateCheck = 1340;
				LastUpgradeCheck = 1400;
				TargetAttributes = {
					7FEF2F85289ACACD00892CC4 = {
						CreatedOnToolsVersion = 13.4.1;
					};
				};
			};
			buildConfigurationList = 7FEF2F81289ACACC00892CC4 /* Build configuration list for PBXProject "TodoList" */;
			compatibilityVersion = "Xcode 13.0";
			developmentRegion = ko;
			hasScannedForEncodings = 0;
			knownRegions = (
				en,
				ko,
			);
			mainGroup = 7FEF2F7D289ACACC00892CC4;
			productRefGroup = 7FEF2F87289ACACD00892CC4 /* Products */;
			projectDirPath = "";
			projectRoot = "";
			targets = (
				7FEF2F85289ACACD00892CC4 /* TodoList */,
			);
		};
/* End PBXProject section */

/* Begin PBXResourcesBuildPhase section */
		7FEF2F84289ACACD00892CC4 /* Resources */ = {
			isa = PBXResourcesBuildPhase;
			buildActionMask = 2147483647;
			files = (
				7FDFCC4D28C77AED00C0728C /* 나눔손글씨 맛있는체.ttf in Resources */,
				7FEF2FAB289AD90E00892CC4 /* .swiftlint.yml  in Resources */,
				7F617600289E9FE6008B81DC /* MainLanchScreen.storyboard in Resources */,
				7F6175FC289E964F008B81DC /* 나눔손글씨 둥근인연.ttf in Resources */,
				7FEF2F91289ACACF00892CC4 /* Preview Assets.xcassets in Resources */,
				7FEF2F8E289ACACF00892CC4 /* Assets.xcassets in Resources */,
			);
			runOnlyForDeploymentPostprocessing = 0;
		};
/* End PBXResourcesBuildPhase section */

/* Begin PBXShellScriptBuildPhase section */
		28AA982A2590721B370B0179 /* [CP] Check Pods Manifest.lock */ = {
			isa = PBXShellScriptBuildPhase;
			buildActionMask = 2147483647;
			files = (
			);
			inputFileListPaths = (
			);
			inputPaths = (
				"${PODS_PODFILE_DIR_PATH}/Podfile.lock",
				"${PODS_ROOT}/Manifest.lock",
			);
			name = "[CP] Check Pods Manifest.lock";
			outputFileListPaths = (
			);
			outputPaths = (
				"$(DERIVED_FILE_DIR)/Pods-TodoList-checkManifestLockResult.txt",
			);
			runOnlyForDeploymentPostprocessing = 0;
			shellPath = /bin/sh;
			shellScript = "diff \"${PODS_PODFILE_DIR_PATH}/Podfile.lock\" \"${PODS_ROOT}/Manifest.lock\" > /dev/null\nif [ $? != 0 ] ; then\n    # print error to STDERR\n    echo \"error: The sandbox is not in sync with the Podfile.lock. Run 'pod install' or update your CocoaPods installation.\" >&2\n    exit 1\nfi\n# This output is used by Xcode 'outputs' to avoid re-running this script phase.\necho \"SUCCESS\" > \"${SCRIPT_OUTPUT_FILE_0}\"\n";
			showEnvVarsInLog = 0;
		};
		7FEF2FA7289AD79500892CC4 /* ShellScript */ = {
			isa = PBXShellScriptBuildPhase;
			buildActionMask = 2147483647;
			files = (
			);
			inputFileListPaths = (
			);
			inputPaths = (
			);
			outputFileListPaths = (
			);
			outputPaths = (
			);
			runOnlyForDeploymentPostprocessing = 0;
			shellPath = /bin/sh;
			shellScript = "# Type a script or drag a script file from your workspace to insert its path.\nexport PATH=\"$PATH:/opt/homebrew/bin\"\nif which swiftlint > /dev/null; then\n  swiftlint\nelse\n  echo \"warning: SwiftLint not installed, download from https://github.com/realm/SwiftLint\"\nfi\n";
		};
/* End PBXShellScriptBuildPhase section */

/* Begin PBXSourcesBuildPhase section */
		7FEF2F82289ACACD00892CC4 /* Sources */ = {
			isa = PBXSourcesBuildPhase;
			buildActionMask = 2147483647;
			files = (
				8627A06D28A47E4B0076CADB /* UIApplication.swift in Sources */,
				7F436C4828A2AFCF008155CD /* DynamicFilteredVIew.swift in Sources */,
				7FA9E1AB28A137E400A7FC2C /* View.swift in Sources */,
				7F26F73C28A28B48006EB57E /* TodoLIstTaskDataModel.xcdatamodeld in Sources */,
				7F436C4E28A2C1F8008155CD /* AddNewTask.swift in Sources */,
				7FA9E1A828A1289C00A7FC2C /* TaskViewModel.swift in Sources */,
				7FEF2F8A289ACACD00892CC4 /* TodoListApp.swift in Sources */,
				7F436C5228A3E097008155CD /* PersistenceController.swift in Sources */,
				7FA9E1A628A127BC00A7FC2C /* TaskModel.swift in Sources */,
				7F436C5028A3DB31008155CD /* TodoLIstMainHomeView.swift in Sources */,
				7FA9E1A428A1278000A7FC2C /* TaskManagerView.swift in Sources */,
				7FC80E0F289E90A400AE2CC8 /* Font.swift in Sources */,
				7F88D8BE289E6CD0005981DA /* Color.swift in Sources */,
			);
			runOnlyForDeploymentPostprocessing = 0;
		};
/* End PBXSourcesBuildPhase section */

/* Begin XCBuildConfiguration section */
		7FEF2F92289ACACF00892CC4 /* Debug */ = {
			isa = XCBuildConfiguration;
			buildSettings = {
				ALWAYS_SEARCH_USER_PATHS = NO;
				CLANG_ANALYZER_LOCALIZABILITY_NONLOCALIZED = YES;
				CLANG_ANALYZER_NONNULL = YES;
				CLANG_ANALYZER_NUMBER_OBJECT_CONVERSION = YES_AGGRESSIVE;
				CLANG_CXX_LANGUAGE_STANDARD = "gnu++17";
				CLANG_ENABLE_MODULES = YES;
				CLANG_ENABLE_OBJC_ARC = YES;
				CLANG_ENABLE_OBJC_WEAK = YES;
				CLANG_WARN_BLOCK_CAPTURE_AUTORELEASING = YES;
				CLANG_WARN_BOOL_CONVERSION = YES;
				CLANG_WARN_COMMA = YES;
				CLANG_WARN_CONSTANT_CONVERSION = YES;
				CLANG_WARN_DEPRECATED_OBJC_IMPLEMENTATIONS = YES;
				CLANG_WARN_DIRECT_OBJC_ISA_USAGE = YES_ERROR;
				CLANG_WARN_DOCUMENTATION_COMMENTS = YES;
				CLANG_WARN_EMPTY_BODY = YES;
				CLANG_WARN_ENUM_CONVERSION = YES;
				CLANG_WARN_INFINITE_RECURSION = YES;
				CLANG_WARN_INT_CONVERSION = YES;
				CLANG_WARN_NON_LITERAL_NULL_CONVERSION = YES;
				CLANG_WARN_OBJC_IMPLICIT_RETAIN_SELF = YES;
				CLANG_WARN_OBJC_LITERAL_CONVERSION = YES;
				CLANG_WARN_OBJC_ROOT_CLASS = YES_ERROR;
				CLANG_WARN_QUOTED_INCLUDE_IN_FRAMEWORK_HEADER = YES;
				CLANG_WARN_RANGE_LOOP_ANALYSIS = YES;
				CLANG_WARN_STRICT_PROTOTYPES = YES;
				CLANG_WARN_SUSPICIOUS_MOVE = YES;
				CLANG_WARN_UNGUARDED_AVAILABILITY = YES_AGGRESSIVE;
				CLANG_WARN_UNREACHABLE_CODE = YES;
				CLANG_WARN__DUPLICATE_METHOD_MATCH = YES;
				COPY_PHASE_STRIP = NO;
				DEBUG_INFORMATION_FORMAT = dwarf;
				ENABLE_STRICT_OBJC_MSGSEND = YES;
				ENABLE_TESTABILITY = YES;
				GCC_C_LANGUAGE_STANDARD = gnu11;
				GCC_DYNAMIC_NO_PIC = NO;
				GCC_NO_COMMON_BLOCKS = YES;
				GCC_OPTIMIZATION_LEVEL = 0;
				GCC_PREPROCESSOR_DEFINITIONS = (
					"DEBUG=1",
					"$(inherited)",
				);
				GCC_WARN_64_TO_32_BIT_CONVERSION = YES;
				GCC_WARN_ABOUT_RETURN_TYPE = YES_ERROR;
				GCC_WARN_UNDECLARED_SELECTOR = YES;
				GCC_WARN_UNINITIALIZED_AUTOS = YES_AGGRESSIVE;
				GCC_WARN_UNUSED_FUNCTION = YES;
				GCC_WARN_UNUSED_VARIABLE = YES;
				IPHONEOS_DEPLOYMENT_TARGET = 15.0;
				MTL_ENABLE_DEBUG_INFO = INCLUDE_SOURCE;
				MTL_FAST_MATH = YES;
				ONLY_ACTIVE_ARCH = YES;
				SDKROOT = iphoneos;
				SWIFT_ACTIVE_COMPILATION_CONDITIONS = DEBUG;
				SWIFT_OPTIMIZATION_LEVEL = "-Onone";
			};
			name = Debug;
		};
		7FEF2F93289ACACF00892CC4 /* Release */ = {
			isa = XCBuildConfiguration;
			buildSettings = {
				ALWAYS_SEARCH_USER_PATHS = NO;
				CLANG_ANALYZER_LOCALIZABILITY_NONLOCALIZED = YES;
				CLANG_ANALYZER_NONNULL = YES;
				CLANG_ANALYZER_NUMBER_OBJECT_CONVERSION = YES_AGGRESSIVE;
				CLANG_CXX_LANGUAGE_STANDARD = "gnu++17";
				CLANG_ENABLE_MODULES = YES;
				CLANG_ENABLE_OBJC_ARC = YES;
				CLANG_ENABLE_OBJC_WEAK = YES;
				CLANG_WARN_BLOCK_CAPTURE_AUTORELEASING = YES;
				CLANG_WARN_BOOL_CONVERSION = YES;
				CLANG_WARN_COMMA = YES;
				CLANG_WARN_CONSTANT_CONVERSION = YES;
				CLANG_WARN_DEPRECATED_OBJC_IMPLEMENTATIONS = YES;
				CLANG_WARN_DIRECT_OBJC_ISA_USAGE = YES_ERROR;
				CLANG_WARN_DOCUMENTATION_COMMENTS = YES;
				CLANG_WARN_EMPTY_BODY = YES;
				CLANG_WARN_ENUM_CONVERSION = YES;
				CLANG_WARN_INFINITE_RECURSION = YES;
				CLANG_WARN_INT_CONVERSION = YES;
				CLANG_WARN_NON_LITERAL_NULL_CONVERSION = YES;
				CLANG_WARN_OBJC_IMPLICIT_RETAIN_SELF = YES;
				CLANG_WARN_OBJC_LITERAL_CONVERSION = YES;
				CLANG_WARN_OBJC_ROOT_CLASS = YES_ERROR;
				CLANG_WARN_QUOTED_INCLUDE_IN_FRAMEWORK_HEADER = YES;
				CLANG_WARN_RANGE_LOOP_ANALYSIS = YES;
				CLANG_WARN_STRICT_PROTOTYPES = YES;
				CLANG_WARN_SUSPICIOUS_MOVE = YES;
				CLANG_WARN_UNGUARDED_AVAILABILITY = YES_AGGRESSIVE;
				CLANG_WARN_UNREACHABLE_CODE = YES;
				CLANG_WARN__DUPLICATE_METHOD_MATCH = YES;
				COPY_PHASE_STRIP = NO;
				DEBUG_INFORMATION_FORMAT = "dwarf-with-dsym";
				ENABLE_NS_ASSERTIONS = NO;
				ENABLE_STRICT_OBJC_MSGSEND = YES;
				GCC_C_LANGUAGE_STANDARD = gnu11;
				GCC_NO_COMMON_BLOCKS = YES;
				GCC_WARN_64_TO_32_BIT_CONVERSION = YES;
				GCC_WARN_ABOUT_RETURN_TYPE = YES_ERROR;
				GCC_WARN_UNDECLARED_SELECTOR = YES;
				GCC_WARN_UNINITIALIZED_AUTOS = YES_AGGRESSIVE;
				GCC_WARN_UNUSED_FUNCTION = YES;
				GCC_WARN_UNUSED_VARIABLE = YES;
				IPHONEOS_DEPLOYMENT_TARGET = 15.0;
				MTL_ENABLE_DEBUG_INFO = NO;
				MTL_FAST_MATH = YES;
				SDKROOT = iphoneos;
				SWIFT_COMPILATION_MODE = wholemodule;
				SWIFT_OPTIMIZATION_LEVEL = "-O";
				VALIDATE_PRODUCT = YES;
			};
			name = Release;
		};
		7FEF2F95289ACACF00892CC4 /* Debug */ = {
			isa = XCBuildConfiguration;
			baseConfigurationReference = B4B1F09BCE55F17F3DAF279E /* Pods-TodoList.debug.xcconfig */;
			buildSettings = {
				ASSETCATALOG_COMPILER_APPICON_NAME = AppIcon;
				ASSETCATALOG_COMPILER_GLOBAL_ACCENT_COLOR_NAME = AccentColor;
				ASSETCATALOG_COMPILER_INCLUDE_ALL_APPICON_ASSETS = NO;
				CODE_SIGN_IDENTITY = "Apple Development";
				CODE_SIGN_STYLE = Automatic;
				CURRENT_PROJECT_VERSION = 1.0.5;
				DEVELOPMENT_ASSET_PATHS = "\"TodoList/Preview Content\"";
				DEVELOPMENT_TEAM = N94CS4N6VR;
				ENABLE_PREVIEWS = YES;
				GENERATE_INFOPLIST_FILE = YES;
				INFOPLIST_FILE = TodoList/Info.plist;
				INFOPLIST_KEY_CFBundleDisplayName = "한다";
				INFOPLIST_KEY_UIApplicationSceneManifest_Generation = YES;
				INFOPLIST_KEY_UIApplicationSupportsIndirectInputEvents = YES;
				INFOPLIST_KEY_UILaunchStoryboardName = MainLanchScreen.storyboard;
				INFOPLIST_KEY_UIMainStoryboardFile = MainLanchScreen;
				INFOPLIST_KEY_UIStatusBarHidden = YES;
				INFOPLIST_KEY_UISupportedInterfaceOrientations = UIInterfaceOrientationPortrait;
				INFOPLIST_KEY_UISupportedInterfaceOrientations_iPad = "UIInterfaceOrientationLandscapeLeft UIInterfaceOrientationLandscapeRight UIInterfaceOrientationPortrait UIInterfaceOrientationPortraitUpsideDown";
				IPHONEOS_DEPLOYMENT_TARGET = 15.0;
				LD_RUNPATH_SEARCH_PATHS = (
					"$(inherited)",
					"@executable_path/Frameworks",
				);
				MARKETING_VERSION = 1.0.5;
				PRODUCT_BUNDLE_IDENTIFIER = Roy.com.Handa;
				PRODUCT_NAME = "$(TARGET_NAME)";
				PROVISIONING_PROFILE_SPECIFIER = "";
				SUPPORTED_PLATFORMS = "iphoneos iphonesimulator";
				SUPPORTS_MACCATALYST = NO;
				SUPPORTS_MAC_DESIGNED_FOR_IPHONE_IPAD = NO;
				SWIFT_EMIT_LOC_STRINGS = YES;
				SWIFT_VERSION = 5.0;
				TARGETED_DEVICE_FAMILY = 1;
			};
			name = Debug;
		};
		7FEF2F96289ACACF00892CC4 /* Release */ = {
			isa = XCBuildConfiguration;
			baseConfigurationReference = 569C83A93F7E865677F66BA6 /* Pods-TodoList.release.xcconfig */;
			buildSettings = {
				ASSETCATALOG_COMPILER_APPICON_NAME = AppIcon;
				ASSETCATALOG_COMPILER_GLOBAL_ACCENT_COLOR_NAME = AccentColor;
				ASSETCATALOG_COMPILER_INCLUDE_ALL_APPICON_ASSETS = NO;
				CODE_SIGN_IDENTITY = "Apple Development";
				CODE_SIGN_STYLE = Automatic;
				CURRENT_PROJECT_VERSION = 1.0.5;
				DEVELOPMENT_ASSET_PATHS = "\"TodoList/Preview Content\"";
				DEVELOPMENT_TEAM = N94CS4N6VR;
				ENABLE_PREVIEWS = YES;
				GENERATE_INFOPLIST_FILE = YES;
				INFOPLIST_FILE = TodoList/Info.plist;
				INFOPLIST_KEY_CFBundleDisplayName = "한다";
				INFOPLIST_KEY_UIApplicationSceneManifest_Generation = YES;
				INFOPLIST_KEY_UIApplicationSupportsIndirectInputEvents = YES;
				INFOPLIST_KEY_UILaunchStoryboardName = MainLanchScreen.storyboard;
				INFOPLIST_KEY_UIMainStoryboardFile = MainLanchScreen;
				INFOPLIST_KEY_UIStatusBarHidden = YES;
				INFOPLIST_KEY_UISupportedInterfaceOrientations = UIInterfaceOrientationPortrait;
				INFOPLIST_KEY_UISupportedInterfaceOrientations_iPad = "UIInterfaceOrientationLandscapeLeft UIInterfaceOrientationLandscapeRight UIInterfaceOrientationPortrait UIInterfaceOrientationPortraitUpsideDown";
				IPHONEOS_DEPLOYMENT_TARGET = 15.0;
				LD_RUNPATH_SEARCH_PATHS = (
					"$(inherited)",
					"@executable_path/Frameworks",
				);
				MARKETING_VERSION = 1.0.5;
				PRODUCT_BUNDLE_IDENTIFIER = Roy.com.Handa;
				PRODUCT_NAME = "$(TARGET_NAME)";
				PROVISIONING_PROFILE_SPECIFIER = "";
				SUPPORTED_PLATFORMS = "iphoneos iphonesimulator";
				SUPPORTS_MACCATALYST = NO;
				SUPPORTS_MAC_DESIGNED_FOR_IPHONE_IPAD = NO;
				SWIFT_EMIT_LOC_STRINGS = YES;
				SWIFT_VERSION = 5.0;
				TARGETED_DEVICE_FAMILY = 1;
			};
			name = Release;
		};
/* End XCBuildConfiguration section */

/* Begin XCConfigurationList section */
		7FEF2F81289ACACC00892CC4 /* Build configuration list for PBXProject "TodoList" */ = {
			isa = XCConfigurationList;
			buildConfigurations = (
				7FEF2F92289ACACF00892CC4 /* Debug */,
				7FEF2F93289ACACF00892CC4 /* Release */,
			);
			defaultConfigurationIsVisible = 0;
			defaultConfigurationName = Release;
		};
		7FEF2F94289ACACF00892CC4 /* Build configuration list for PBXNativeTarget "TodoList" */ = {
			isa = XCConfigurationList;
			buildConfigurations = (
				7FEF2F95289ACACF00892CC4 /* Debug */,
				7FEF2F96289ACACF00892CC4 /* Release */,
			);
			defaultConfigurationIsVisible = 0;
			defaultConfigurationName = Release;
		};
/* End XCConfigurationList section */

/* Begin XCVersionGroup section */
		7F26F73A28A28B48006EB57E /* TodoLIstTaskDataModel.xcdatamodeld */ = {
			isa = XCVersionGroup;
			children = (
				7F26F73B28A28B48006EB57E /* TodoLIstTaskDataModel.xcdatamodel */,
			);
			currentVersion = 7F26F73B28A28B48006EB57E /* TodoLIstTaskDataModel.xcdatamodel */;
			path = TodoLIstTaskDataModel.xcdatamodeld;
			sourceTree = "<group>";
			versionGroupType = wrapper.xcdatamodel;
		};
/* End XCVersionGroup section */
	};
	rootObject = 7FEF2F7E289ACACC00892CC4 /* Project object */;
}
